
Microsoft Visual Studio Solution File, Format Version 12.00
# Visual Studio Version 16
VisualStudioVersion = 16.0.29926.136
MinimumVisualStudioVersion = 10.0.40219.1
Project("{FAE04EC0-301F-11D3-BF4B-00C04F79EFBC}") = "CoreSenderApp", "CoreSenderApp\CoreSenderApp.csproj", "{AB446084-B92A-4D61-B8B4-DE1A03C61DBE}"
EndProject
Project("{FAE04EC0-301F-11D3-BF4B-00C04F79EFBC}") = "CoreReceiverApp", "CoreReceiverApp\CoreReceiverApp.csproj", "{F507BE02-A74D-4249-8BA0-DFAEBE0153B6}"
EndProject
Global
	GlobalSection(SolutionConfigurationPlatforms) = preSolution
		Debug|Any CPU = Debug|Any CPU
		Release|Any CPU = Release|Any CPU
	EndGlobalSection
	GlobalSection(ProjectConfigurationPlatforms) = postSolution
		{AB446084-B92A-4D61-B8B4-DE1A03C61DBE}.Debug|Any CPU.ActiveCfg = Debug|Any CPU
		{AB446084-B92A-4D61-B8B4-DE1A03C61DBE}.Debug|Any CPU.Build.0 = Debug|Any CPU
		{AB446084-B92A-4D61-B8B4-DE1A03C61DBE}.Release|Any CPU.ActiveCfg = Release|Any CPU
		{AB446084-B92A-4D61-B8B4-DE1A03C61DBE}.Release|Any CPU.Build.0 = Release|Any CPU
		{F507BE02-A74D-4249-8BA0-DFAEBE0153B6}.Debug|Any CPU.ActiveCfg = Debug|Any CPU
		{F507BE02-A74D-4249-8BA0-DFAEBE0153B6}.Debug|Any CPU.Build.0 = Debug|Any CPU
		{F507BE02-A74D-4249-8BA0-DFAEBE0153B6}.Release|Any CPU.ActiveCfg = Release|Any CPU
		{F507BE02-A74D-4249-8BA0-DFAEBE0153B6}.Release|Any CPU.Build.0 = Release|Any CPU
	EndGlobalSection
	GlobalSection(SolutionProperties) = preSolution
		HideSolutionNode = FALSE
	EndGlobalSection
	GlobalSection(ExtensibilityGlobals) = postSolution
		SolutionGuid = {811862DC-ED70-4667-85E6-EF5033DEDCB5}
	EndGlobalSection
EndGlobal
